
Microsoft Visual Studio Solution File, Format Version 12.00
# Visual Studio Version 17
VisualStudioVersion = 17.9.34723.18
MinimumVisualStudioVersion = 10.0.40219.1
Project("{FAE04EC0-301F-11D3-BF4B-00C04F79EFBC}") = "Herannca", "Herannca\Herannca.csproj", "{73D5FCFB-914A-4E89-A02F-B6489C88D83A}"
EndProject
Global
	GlobalSection(SolutionConfigurationPlatforms) = preSolution
		Debug|Any CPU = Debug|Any CPU
		Release|Any CPU = Release|Any CPU
	EndGlobalSection
	GlobalSection(ProjectConfigurationPlatforms) = postSolution
		{73D5FCFB-914A-4E89-A02F-B6489C88D83A}.Debug|Any CPU.ActiveCfg = Debug|Any CPU
		{73D5FCFB-914A-4E89-A02F-B6489C88D83A}.Debug|Any CPU.Build.0 = Debug|Any CPU
		{73D5FCFB-914A-4E89-A02F-B6489C88D83A}.Release|Any CPU.ActiveCfg = Release|Any CPU
		{73D5FCFB-914A-4E89-A02F-B6489C88D83A}.Release|Any CPU.Build.0 = Release|Any CPU
	EndGlobalSection
	GlobalSection(SolutionProperties) = preSolution
		HideSolutionNode = FALSE
	EndGlobalSection
	GlobalSection(ExtensibilityGlobals) = postSolution
		SolutionGuid = {8672EAF0-C8F4-4887-B21E-7BFDBA1F4555}
	EndGlobalSection
EndGlobal
